
Microsoft Visual Studio Solution File, Format Version 12.00
# Visual Studio Version 17
VisualStudioVersion = 17.5.33516.290
MinimumVisualStudioVersion = 10.0.40219.1
Project("{FAE04EC0-301F-11D3-BF4B-00C04F79EFBC}") = "DrugForBochkevich", "DrugForBochkevich\DrugForBochkevich.csproj", "{1C0DF25F-017C-4197-ACA7-1FDBEE303222}"
EndProject
Global
	GlobalSection(SolutionConfigurationPlatforms) = preSolution
		Debug|Any CPU = Debug|Any CPU
		Release|Any CPU = Release|Any CPU
	EndGlobalSection
	GlobalSection(ProjectConfigurationPlatforms) = postSolution
		{1C0DF25F-017C-4197-ACA7-1FDBEE303222}.Debug|Any CPU.ActiveCfg = Debug|Any CPU
		{1C0DF25F-017C-4197-ACA7-1FDBEE303222}.Debug|Any CPU.Build.0 = Debug|Any CPU
		{1C0DF25F-017C-4197-ACA7-1FDBEE303222}.Release|Any CPU.ActiveCfg = Release|Any CPU
		{1C0DF25F-017C-4197-ACA7-1FDBEE303222}.Release|Any CPU.Build.0 = Release|Any CPU
	EndGlobalSection
	GlobalSection(SolutionProperties) = preSolution
		HideSolutionNode = FALSE
	EndGlobalSection
	GlobalSection(ExtensibilityGlobals) = postSolution
		SolutionGuid = {5F3B6549-498E-4A90-ABFA-C11B07751D41}
	EndGlobalSection
EndGlobal
